lockfileVersion: '6.0'

settings:
  autoInstallPeers: true
  excludeLinksFromLockfile: false

dependencies:
  graphql:
    specifier: ^16.8.1
    version: 16.8.1
  graphql-yoga:
    specifier: ^5.3.0
    version: 5.3.0(graphql@16.8.1)
  nodemon:
    specifier: ^3.1.0
    version: 3.1.0

packages:

  /@envelop/core@5.0.0:
    resolution: {integrity: sha512-aJdnH/ptv+cvwfvciCBe7TSvccBwo9g0S5f6u35TBVzRVqIGkK03lFlIL+x1cnfZgN9EfR2b1PH2galrT1CdCQ==}
    engines: {node: '>=18.0.0'}
    dependencies:
      '@envelop/types': 5.0.0
      tslib: 2.6.2
    dev: false

  /@envelop/types@5.0.0:
    resolution: {integrity: sha512-IPjmgSc4KpQRlO4qbEDnBEixvtb06WDmjKfi/7fkZaryh5HuOmTtixe1EupQI5XfXO8joc3d27uUZ0QdC++euA==}
    engines: {node: '>=18.0.0'}
    dependencies:
      tslib: 2.6.2
    dev: false

  /@graphql-tools/executor@1.2.6(graphql@16.8.1):
    resolution: {integrity: sha512-+1kjfqzM5T2R+dCw7F4vdJ3CqG+fY/LYJyhNiWEFtq0ToLwYzR/KKyD8YuzTirEjSxWTVlcBh7endkx5n5F6ew==}
    engines: {node: '>=16.0.0'}
    peerDependencies:
      graphql: ^14.0.0 || ^15.0.0 || ^16.0.0 || ^17.0.0
    dependencies:
      '@graphql-tools/utils': 10.1.2(graphql@16.8.1)
      '@graphql-typed-document-node/core': 3.2.0(graphql@16.8.1)
      '@repeaterjs/repeater': 3.0.5
      graphql: 16.8.1
      tslib: 2.6.2
      value-or-promise: 1.0.12
    dev: false

  /@graphql-tools/merge@9.0.3(graphql@16.8.1):
    resolution: {integrity: sha512-FeKv9lKLMwqDu0pQjPpF59GY3HReUkWXKsMIuMuJQOKh9BETu7zPEFUELvcw8w+lwZkl4ileJsHXC9+AnsT2Lw==}
    engines: {node: '>=16.0.0'}
    peerDependencies:
      graphql: ^14.0.0 || ^15.0.0 || ^16.0.0 || ^17.0.0
    dependencies:
      '@graphql-tools/utils': 10.1.2(graphql@16.8.1)
      graphql: 16.8.1
      tslib: 2.6.2
    dev: false

  /@graphql-tools/schema@10.0.3(graphql@16.8.1):
    resolution: {integrity: sha512-p28Oh9EcOna6i0yLaCFOnkcBDQECVf3SCexT6ktb86QNj9idnkhI+tCxnwZDh58Qvjd2nURdkbevvoZkvxzCog==}
    engines: {node: '>=16.0.0'}
    peerDependencies:
      graphql: ^14.0.0 || ^15.0.0 || ^16.0.0 || ^17.0.0
    dependencies:
      '@graphql-tools/merge': 9.0.3(graphql@16.8.1)
      '@graphql-tools/utils': 10.1.2(graphql@16.8.1)
      graphql: 16.8.1
      tslib: 2.6.2
      value-or-promise: 1.0.12
    dev: false

  /@graphql-tools/utils@10.1.2(graphql@16.8.1):
    resolution: {integrity: sha512-fX13CYsDnX4yifIyNdiN0cVygz/muvkreWWem6BBw130+ODbRRgfiVveL0NizCEnKXkpvdeTy9Bxvo9LIKlhrw==}
    engines: {node: '>=16.0.0'}
    peerDependencies:
      graphql: ^14.0.0 || ^15.0.0 || ^16.0.0 || ^17.0.0
    dependencies:
      '@graphql-typed-document-node/core': 3.2.0(graphql@16.8.1)
      cross-inspect: 1.0.0
      dset: 3.1.3
      graphql: 16.8.1
      tslib: 2.6.2
    dev: false

  /@graphql-typed-document-node/core@3.2.0(graphql@16.8.1):
    resolution: {integrity: sha512-mB9oAsNCm9aM3/SOv4YtBMqZbYj10R7dkq8byBqxGY/ncFwhf2oQzMV+LCRlWoDSEBJ3COiR1yeDvMtsoOsuFQ==}
    peerDependencies:
      graphql: ^0.8.0 || ^0.9.0 || ^0.10.0 || ^0.11.0 || ^0.12.0 || ^0.13.0 || ^14.0.0 || ^15.0.0 || ^16.0.0 || ^17.0.0
    dependencies:
      graphql: 16.8.1
    dev: false

  /@graphql-yoga/logger@2.0.0:
    resolution: {integrity: sha512-Mg8psdkAp+YTG1OGmvU+xa6xpsAmSir0hhr3yFYPyLNwzUj95DdIwsMpKadDj9xDpYgJcH3Hp/4JMal9DhQimA==}
    engines: {node: '>=18.0.0'}
    dependencies:
      tslib: 2.6.2
    dev: false

  /@graphql-yoga/subscription@5.0.0:
    resolution: {integrity: sha512-Ri7sK8hmxd/kwaEa0YT8uqQUb2wOLsmBMxI90QDyf96lzOMJRgBuNYoEkU1pSgsgmW2glceZ96sRYfaXqwVxUw==}
    engines: {node: '>=18.0.0'}
    dependencies:
      '@graphql-yoga/typed-event-target': 3.0.0
      '@repeaterjs/repeater': 3.0.5
      '@whatwg-node/events': 0.1.1
      tslib: 2.6.2
    dev: false

  /@graphql-yoga/typed-event-target@3.0.0:
    resolution: {integrity: sha512-w+liuBySifrstuHbFrHoHAEyVnDFVib+073q8AeAJ/qqJfvFvAwUPLLtNohR/WDVRgSasfXtl3dcNuVJWN+rjg==}
    engines: {node: '>=18.0.0'}
    dependencies:
      '@repeaterjs/repeater': 3.0.5
      tslib: 2.6.2
    dev: false

  /@kamilkisiela/fast-url-parser@1.1.4:
    resolution: {integrity: sha512-gbkePEBupNydxCelHCESvFSFM8XPh1Zs/OAVRW/rKpEqPAl5PbOM90Si8mv9bvnR53uPD2s/FiRxdvSejpRJew==}
    dev: false

  /@repeaterjs/repeater@3.0.5:
    resolution: {integrity: sha512-l3YHBLAol6d/IKnB9LhpD0cEZWAoe3eFKUyTYWmFmCO2Q/WOckxLQAUyMZWwZV2M/m3+4vgRoaolFqaII82/TA==}
    dev: false

  /@whatwg-node/events@0.1.1:
    resolution: {integrity: sha512-AyQEn5hIPV7Ze+xFoXVU3QTHXVbWPrzaOkxtENMPMuNL6VVHrp4hHfDt9nrQpjO7BgvuM95dMtkycX5M/DZR3w==}
    engines: {node: '>=16.0.0'}
    dev: false

  /@whatwg-node/fetch@0.9.17:
    resolution: {integrity: sha512-TDYP3CpCrxwxpiNY0UMNf096H5Ihf67BK1iKGegQl5u9SlpEDYrvnV71gWBGJm+Xm31qOy8ATgma9rm8Pe7/5Q==}
    engines: {node: '>=16.0.0'}
    dependencies:
      '@whatwg-node/node-fetch': 0.5.10
      urlpattern-polyfill: 10.0.0
    dev: false

  /@whatwg-node/node-fetch@0.5.10:
    resolution: {integrity: sha512-KIAHepie/T1PRkUfze4t+bPlyvpxlWiXTPtcGlbIZ0vWkBJMdRmCg4ZrJ2y4XaO1eTPo1HlWYUuj1WvoIpumqg==}
    engines: {node: '>=16.0.0'}
    dependencies:
      '@kamilkisiela/fast-url-parser': 1.1.4
      '@whatwg-node/events': 0.1.1
      busboy: 1.6.0
      fast-querystring: 1.1.2
      tslib: 2.6.2
    dev: false

  /@whatwg-node/server@0.9.32:
    resolution: {integrity: sha512-PRTRE8ZhObwYx9yRoUdxYkrhCoDk2vyDA5BtaG+NAqEmU1wwbwlXUpaeRRrPuGaM7ScbIkueU25A0GJIRQzccw==}
    engines: {node: '>=16.0.0'}
    dependencies:
      '@whatwg-node/fetch': 0.9.17
      tslib: 2.6.2
    dev: false

  /abbrev@1.1.1:
    resolution: {integrity: sha512-nne9/IiQ/hzIhY6pdDnbBtz7DjPTKrY00P/zvPSm5pOFkl6xuGrGnXn/VtTNNfNtAfZ9/1RtehkszU9qcTii0Q==}
    dev: false

  /anymatch@3.1.3:
    resolution: {integrity: sha512-KMReFUr0B4t+D+OBkjR3KYqvocp2XaSzO55UcB6mgQMd3KbcE+mWTyvVV7D/zsdEbNnV6acZUutkiHQXvTr1Rw==}
    engines: {node: '>= 8'}
    dependencies:
      normalize-path: 3.0.0
      picomatch: 2.3.1
    dev: false

  /balanced-match@1.0.2:
    resolution: {integrity: sha512-3oSeUO0TMV67hN1AmbXsK4yaqU7tjiHlbxRDZOpH0KW9+CeX4bRAaX0Anxt0tx2MrpRpWwQaPwIlISEJhYU5Pw==}
    dev: false

  /binary-extensions@2.3.0:
    resolution: {integrity: sha512-Ceh+7ox5qe7LJuLHoY0feh3pHuUDHAcRUeyL2VYghZwfpkNIy/+8Ocg0a3UuSoYzavmylwuLWQOf3hl0jjMMIw==}
    engines: {node: '>=8'}
    dev: false

  /brace-expansion@1.1.11:
    resolution: {integrity: sha512-iCuPHDFgrHX7H2vEI/5xpz07zSHB00TpugqhmYtVmMO6518mCuRMoOYFldEBl0g187ufozdaHgWKcYFb61qGiA==}
    dependencies:
      balanced-match: 1.0.2
      concat-map: 0.0.1
    dev: false

  /braces@3.0.2:
    resolution: {integrity: sha512-b8um+L1RzM3WDSzvhm6gIz1yfTbBt6YTlcEKAvsmqCZZFw46z626lVj9j1yEPW33H5H+lBQpZMP1k8l+78Ha0A==}
    engines: {node: '>=8'}
    dependencies:
      fill-range: 7.0.1
    dev: false

  /busboy@1.6.0:
    resolution: {integrity: sha512-8SFQbg/0hQ9xy3UNTB0YEnsNBbWfhf7RtnzpL7TkBiTBRfrQ9Fxcnz7VJsleJpyp6rVLvXiuORqjlHi5q+PYuA==}
    engines: {node: '>=10.16.0'}
    dependencies:
      streamsearch: 1.1.0
    dev: false

  /chokidar@3.6.0:
    resolution: {integrity: sha512-7VT13fmjotKpGipCW9JEQAusEPE+Ei8nl6/g4FBAmIm0GOOLMua9NDDo/DWp0ZAxCr3cPq5ZpBqmPAQgDda2Pw==}
    engines: {node: '>= 8.10.0'}
    dependencies:
      anymatch: 3.1.3
      braces: 3.0.2
      glob-parent: 5.1.2
      is-binary-path: 2.1.0
      is-glob: 4.0.3
      normalize-path: 3.0.0
      readdirp: 3.6.0
    optionalDependencies:
      fsevents: 2.3.3
    dev: false

  /concat-map@0.0.1:
    resolution: {integrity: sha512-/Srv4dswyQNBfohGpz9o6Yb3Gz3SrUDqBH5rTuhGR7ahtlbYKnVxw2bCFMRljaA7EXHaXZ8wsHdodFvbkhKmqg==}
    dev: false

  /cross-inspect@1.0.0:
    resolution: {integrity: sha512-4PFfn4b5ZN6FMNGSZlyb7wUhuN8wvj8t/VQHZdM4JsDcruGJ8L2kf9zao98QIrBPFCpdk27qst/AGTl7pL3ypQ==}
    engines: {node: '>=16.0.0'}
    dependencies:
      tslib: 2.6.2
    dev: false

  /debug@4.3.4(supports-color@5.5.0):
    resolution: {integrity: sha512-PRWFHuSU3eDtQJPvnNY7Jcket1j0t5OuOsFzPPzsekD52Zl8qUfFIPEiswXqIvHWGVHOgX+7G/vCNNhehwxfkQ==}
    engines: {node: '>=6.0'}
    peerDependencies:
      supports-color: '*'
    peerDependenciesMeta:
      supports-color:
        optional: true
    dependencies:
      ms: 2.1.2
      supports-color: 5.5.0
    dev: false

  /dset@3.1.3:
    resolution: {integrity: sha512-20TuZZHCEZ2O71q9/+8BwKwZ0QtD9D8ObhrihJPr+vLLYlSuAU3/zL4cSlgbfeoGHTjCSJBa7NGcrF9/Bx/WJQ==}
    engines: {node: '>=4'}
    dev: false

  /fast-decode-uri-component@1.0.1:
    resolution: {integrity: sha512-WKgKWg5eUxvRZGwW8FvfbaH7AXSh2cL+3j5fMGzUMCxWBJ3dV3a7Wz8y2f/uQ0e3B6WmodD3oS54jTQ9HVTIIg==}
    dev: false

  /fast-querystring@1.1.2:
    resolution: {integrity: sha512-g6KuKWmFXc0fID8WWH0jit4g0AGBoJhCkJMb1RmbsSEUNvQ+ZC8D6CUZ+GtF8nMzSPXnhiePyyqqipzNNEnHjg==}
    dependencies:
      fast-decode-uri-component: 1.0.1
    dev: false

  /fill-range@7.0.1:
    resolution: {integrity: sha512-qOo9F+dMUmC2Lcb4BbVvnKJxTPjCm+RRpe4gDuGrzkL7mEVl/djYSu2OdQ2Pa302N4oqkSg9ir6jaLWJ2USVpQ==}
    engines: {node: '>=8'}
    dependencies:
      to-regex-range: 5.0.1
    dev: false

  /fsevents@2.3.3:
    resolution: {integrity: sha512-5xoDfX+fL7faATnagmWPpbFtwh/R77WmMMqqHGS65C3vvB0YHrgF+B1YmZ3441tMj5n63k0212XNoJwzlhffQw==}
    engines: {node: ^8.16.0 || ^10.6.0 || >=11.0.0}
    os: [darwin]
    requiresBuild: true
    dev: false
    optional: true

  /glob-parent@5.1.2:
    resolution: {integrity: sha512-AOIgSQCepiJYwP3ARnGx+5VnTu2HBYdzbGP45eLw1vr3zB3vZLeyed1sC9hnbcOc9/SrMyM5RPQrkGz4aS9Zow==}
    engines: {node: '>= 6'}
    dependencies:
      is-glob: 4.0.3
    dev: false

  /graphql-yoga@5.3.0(graphql@16.8.1):
    resolution: {integrity: sha512-6mXoGE5AMN6YNugJvjBFIQ0dFUiOMloN0dAzLL8GFt4iJ5WlWRgjdzGHod2zZz7yWQokEVD42DHgrc7NY3Dm0w==}
    engines: {node: '>=18.0.0'}
    peerDependencies:
      graphql: ^15.2.0 || ^16.0.0
    dependencies:
      '@envelop/core': 5.0.0
      '@graphql-tools/executor': 1.2.6(graphql@16.8.1)
      '@graphql-tools/schema': 10.0.3(graphql@16.8.1)
      '@graphql-tools/utils': 10.1.2(graphql@16.8.1)
      '@graphql-yoga/logger': 2.0.0
      '@graphql-yoga/subscription': 5.0.0
      '@whatwg-node/fetch': 0.9.17
      '@whatwg-node/server': 0.9.32
      dset: 3.1.3
      graphql: 16.8.1
      lru-cache: 10.2.0
      tslib: 2.6.2
    dev: false

  /graphql@16.8.1:
    resolution: {integrity: sha512-59LZHPdGZVh695Ud9lRzPBVTtlX9ZCV150Er2W43ro37wVof0ctenSaskPPjN7lVTIN8mSZt8PHUNKZuNQUuxw==}
    engines: {node: ^12.22.0 || ^14.16.0 || ^16.0.0 || >=17.0.0}
    dev: false

  /has-flag@3.0.0:
    resolution: {integrity: sha512-sKJf1+ceQBr4SMkvQnBDNDtf4TXpVhVGateu0t918bl30FnbE2m4vNLX+VWe/dpjlb+HugGYzW7uQXH98HPEYw==}
    engines: {node: '>=4'}
    dev: false

  /ignore-by-default@1.0.1:
    resolution: {integrity: sha512-Ius2VYcGNk7T90CppJqcIkS5ooHUZyIQK+ClZfMfMNFEF9VSE73Fq+906u/CWu92x4gzZMWOwfFYckPObzdEbA==}
    dev: false

  /is-binary-path@2.1.0:
    resolution: {integrity: sha512-ZMERYes6pDydyuGidse7OsHxtbI7WVeUEozgR/g7rd0xUimYNlvZRE/K2MgZTjWy725IfelLeVcEM97mmtRGXw==}
    engines: {node: '>=8'}
    dependencies:
      binary-extensions: 2.3.0
    dev: false

  /is-extglob@2.1.1:
    resolution: {integrity: sha512-SbKbANkN603Vi4jEZv49LeVJMn4yGwsbzZworEoyEiutsN3nJYdbO36zfhGJ6QEDpOZIFkDtnq5JRxmvl3jsoQ==}
    engines: {node: '>=0.10.0'}
    dev: false

  /is-glob@4.0.3:
    resolution: {integrity: sha512-xelSayHH36ZgE7ZWhli7pW34hNbNl8Ojv5KVmkJD4hBdD3th8Tfk9vYasLM+mXWOZhFkgZfxhLSnrwRr4elSSg==}
    engines: {node: '>=0.10.0'}
    dependencies:
      is-extglob: 2.1.1
    dev: false

  /is-number@7.0.0:
    resolution: {integrity: sha512-41Cifkg6e8TylSpdtTpeLVMqvSBEVzTttHvERD741+pnZ8ANv0004MRL43QKPDlK9cGvNp6NZWZUBlbGXYxxng==}
    engines: {node: '>=0.12.0'}
    dev: false

  /lru-cache@10.2.0:
    resolution: {integrity: sha512-2bIM8x+VAf6JT4bKAljS1qUWgMsqZRPGJS6FSahIMPVvctcNhyVp7AJu7quxOW9jwkryBReKZY5tY5JYv2n/7Q==}
    engines: {node: 14 || >=16.14}
    dev: false

  /lru-cache@6.0.0:
    resolution: {integrity: sha512-Jo6dJ04CmSjuznwJSS3pUeWmd/H0ffTlkXXgwZi+eq1UCmqQwCh+eLsYOYCwY991i2Fah4h1BEMCx4qThGbsiA==}
    engines: {node: '>=10'}
    dependencies:
      yallist: 4.0.0
    dev: false

  /minimatch@3.1.2:
    resolution: {integrity: sha512-J7p63hRiAjw1NDEww1W7i37+ByIrOWO5XQQAzZ3VOcL0PNybwpfmV/N05zFAzwQ9USyEcX6t3UO+K5aqBQOIHw==}
    dependencies:
      brace-expansion: 1.1.11
    dev: false

  /ms@2.1.2:
    resolution: {integrity: sha512-sGkPx+VjMtmA6MX27oA4FBFELFCZZ4S4XqeGOXCv68tT+jb3vk/RyaKWP0PTKyWtmLSM0b+adUTEvbs1PEaH2w==}
    dev: false

  /nodemon@3.1.0:
    resolution: {integrity: sha512-xqlktYlDMCepBJd43ZQhjWwMw2obW/JRvkrLxq5RCNcuDDX1DbcPT+qT1IlIIdf+DhnWs90JpTMe+Y5KxOchvA==}
    engines: {node: '>=10'}
    hasBin: true
    dependencies:
      chokidar: 3.6.0
      debug: 4.3.4(supports-color@5.5.0)
      ignore-by-default: 1.0.1
      minimatch: 3.1.2
      pstree.remy: 1.1.8
      semver: 7.6.0
      simple-update-notifier: 2.0.0
      supports-color: 5.5.0
      touch: 3.1.0
      undefsafe: 2.0.5
    dev: false

  /nopt@1.0.10:
    resolution: {integrity: sha512-NWmpvLSqUrgrAC9HCuxEvb+PSloHpqVu+FqcO4eeF2h5qYRhA7ev6KvelyQAKtegUbC6RypJnlEOhd8vloNKYg==}
    hasBin: true
    dependencies:
      abbrev: 1.1.1
    dev: false

  /normalize-path@3.0.0:
    resolution: {integrity: sha512-6eZs5Ls3WtCisHWp9S2GUy8dqkpGi4BVSz3GaqiE6ezub0512ESztXUwUB6C6IKbQkY2Pnb/mD4WYojCRwcwLA==}
    engines: {node: '>=0.10.0'}
    dev: false

  /picomatch@2.3.1:
    resolution: {integrity: sha512-JU3teHTNjmE2VCGFzuY8EXzCDVwEqB2a8fsIvwaStHhAWJEeVd1o1QD80CU6+ZdEXXSLbSsuLwJjkCBWqRQUVA==}
    engines: {node: '>=8.6'}
    dev: false

  /pstree.remy@1.1.8:
    resolution: {integrity: sha512-77DZwxQmxKnu3aR542U+X8FypNzbfJ+C5XQDk3uWjWxn6151aIMGthWYRXTqT1E5oJvg+ljaa2OJi+VfvCOQ8w==}
    dev: false

  /readdirp@3.6.0:
    resolution: {integrity: sha512-hOS089on8RduqdbhvQ5Z37A0ESjsqz6qnRcffsMU3495FuTdqSm+7bhJ29JvIOsBDEEnan5DPu9t3To9VRlMzA==}
    engines: {node: '>=8.10.0'}
    dependencies:
      picomatch: 2.3.1
    dev: false

  /semver@7.6.0:
    resolution: {integrity: sha512-EnwXhrlwXMk9gKu5/flx5sv/an57AkRplG3hTK68W7FRDN+k+OWBj65M7719OkA82XLBxrcX0KSHj+X5COhOVg==}
    engines: {node: '>=10'}
    hasBin: true
    dependencies:
      lru-cache: 6.0.0
    dev: false

  /simple-update-notifier@2.0.0:
    resolution: {integrity: sha512-a2B9Y0KlNXl9u/vsW6sTIu9vGEpfKu2wRV6l1H3XEas/0gUIzGzBoP/IouTcUQbm9JWZLH3COxyn03TYlFax6w==}
    engines: {node: '>=10'}
    dependencies:
      semver: 7.6.0
    dev: false

  /streamsearch@1.1.0:
    resolution: {integrity: sha512-Mcc5wHehp9aXz1ax6bZUyY5afg9u2rv5cqQI3mRrYkGC8rW2hM02jWuwjtL++LS5qinSyhj2QfLyNsuc+VsExg==}
    engines: {node: '>=10.0.0'}
    dev: false

  /supports-color@5.5.0:
    resolution: {integrity: sha512-QjVjwdXIt408MIiAqCX4oUKsgU2EqAGzs2Ppkm4aQYbjm+ZEWEcW4SfFNTr4uMNZma0ey4f5lgLrkB0aX0QMow==}
    engines: {node: '>=4'}
    dependencies:
      has-flag: 3.0.0
    dev: false

  /to-regex-range@5.0.1:
    resolution: {integrity: sha512-65P7iz6X5yEr1cwcgvQxbbIw7Uk3gOy5dIdtZ4rDveLqhrdJP+Li/Hx6tyK0NEb+2GCyneCMJiGqrADCSNk8sQ==}
    engines: {node: '>=8.0'}
    dependencies:
      is-number: 7.0.0
    dev: false

  /touch@3.1.0:
    resolution: {integrity: sha512-WBx8Uy5TLtOSRtIq+M03/sKDrXCLHxwDcquSP2c43Le03/9serjQBIztjRz6FkJez9D/hleyAXTBGLwwZUw9lA==}
    hasBin: true
    dependencies:
      nopt: 1.0.10
    dev: false

  /tslib@2.6.2:
    resolution: {integrity: sha512-AEYxH93jGFPn/a2iVAwW87VuUIkR1FVUKB77NwMF7nBTDkDrrT/Hpt/IrCJ0QXhW27jTBDcf5ZY7w6RiqTMw2Q==}
    dev: false

  /undefsafe@2.0.5:
    resolution: {integrity: sha512-WxONCrssBM8TSPRqN5EmsjVrsv4A8X12J4ArBiiayv3DyyG3ZlIg6yysuuSYdZsVz3TKcTg2fd//Ujd4CHV1iA==}
    dev: false

  /urlpattern-polyfill@10.0.0:
    resolution: {integrity: sha512-H/A06tKD7sS1O1X2SshBVeA5FLycRpjqiBeqGKmBwBDBy28EnRjORxTNe269KSSr5un5qyWi1iL61wLxpd+ZOg==}
    dev: false

  /value-or-promise@1.0.12:
    resolution: {integrity: sha512-Z6Uz+TYwEqE7ZN50gwn+1LCVo9ZVrpxRPOhOLnncYkY1ZzOYtrX8Fwf/rFktZ8R5mJms6EZf5TqNOMeZmnPq9Q==}
    engines: {node: '>=12'}
    dev: false

  /yallist@4.0.0:
    resolution: {integrity: sha512-3wdGidZyq5PB084XLES5TpOSRA3wjXAlIWMhum2kRcv/41Sn2emQ0dycQW4uZXLejwKvg6EsvbdlVL+FYEct7A==}
    dev: false
